// !$*UTF8*$!
{
	archiveVersion = 1;
	classes = {
	};
	objectVersion = 50;
	objects = {

/* Begin PBXBuildFile section */
		92061F77244F03E8005F10CA /* PhotosMiniaturaCell.swift in Sources */ = {isa = PBXBuildFile; fileRef = 92061F76244F03E8005F10CA /* PhotosMiniaturaCell.swift */; };
		92061F79244F0419005F10CA /* PhotosMiniaturaCell.xib in Resources */ = {isa = PBXBuildFile; fileRef = 92061F78244F0419005F10CA /* PhotosMiniaturaCell.xib */; };
		92250A9B247D2D6B005BFF51 /* MapKit.framework in Frameworks */ = {isa = PBXBuildFile; fileRef = 92687ABC247D1A57003E0F6E /* MapKit.framework */; };
		923CC14B2469F66800537C6D /* CarrouselSectionBoxVC.swift in Sources */ = {isa = PBXBuildFile; fileRef = 923CC14A2469F66800537C6D /* CarrouselSectionBoxVC.swift */; };
		923CC14E2469F79000537C6D /* CarrouselSectionBoxComponent.swift in Sources */ = {isa = PBXBuildFile; fileRef = 923CC14D2469F79000537C6D /* CarrouselSectionBoxComponent.swift */; };
		923CC1502469F84E00537C6D /* CarrouselSectionBoxComponent.xib in Resources */ = {isa = PBXBuildFile; fileRef = 923CC14F2469F84E00537C6D /* CarrouselSectionBoxComponent.xib */; };
		923CC1562469FA4800537C6D /* CarrouselSectionBoxCollectionViewCell.swift in Sources */ = {isa = PBXBuildFile; fileRef = 923CC1552469FA4800537C6D /* CarrouselSectionBoxCollectionViewCell.swift */; };
		923CC15A2469FAFC00537C6D /* CarrouselSectionBoxCollectionViewCell.xib in Resources */ = {isa = PBXBuildFile; fileRef = 923CC1592469FAFC00537C6D /* CarrouselSectionBoxCollectionViewCell.xib */; };
		92687ABA247D199A003E0F6E /* MapKitVC.swift in Sources */ = {isa = PBXBuildFile; fileRef = 92687AB9247D199A003E0F6E /* MapKitVC.swift */; };
		9269B30A245588F8000737C1 /* CBKImageViewer.xib in Resources */ = {isa = PBXBuildFile; fileRef = 9269B309245588F8000737C1 /* CBKImageViewer.xib */; };
		9269B30F24558E67000737C1 /* FullScreenViewController.swift in Sources */ = {isa = PBXBuildFile; fileRef = 9269B30E24558E67000737C1 /* FullScreenViewController.swift */; };
		9269B31224559273000737C1 /* PagesController.swift in Sources */ = {isa = PBXBuildFile; fileRef = 9269B31124559273000737C1 /* PagesController.swift */; };
		9269B3142455927C000737C1 /* PagesController.xib in Resources */ = {isa = PBXBuildFile; fileRef = 9269B3132455927C000737C1 /* PagesController.xib */; };
		9269B31C2455A51A000737C1 /* ZoomController.swift in Sources */ = {isa = PBXBuildFile; fileRef = 9269B31B2455A51A000737C1 /* ZoomController.swift */; };
		9269B31E2455DEC4000737C1 /* ImageViewerExternalVC.swift in Sources */ = {isa = PBXBuildFile; fileRef = 9269B31D2455DEC4000737C1 /* ImageViewerExternalVC.swift */; };
		9269B3202455DF0C000737C1 /* ImageViewerComponent.swift in Sources */ = {isa = PBXBuildFile; fileRef = 9269B31F2455DF0C000737C1 /* ImageViewerComponent.swift */; };
		9269B3222455E1A9000737C1 /* ImageViewerComponent.xib in Resources */ = {isa = PBXBuildFile; fileRef = 9269B3212455E1A9000737C1 /* ImageViewerComponent.xib */; };
		926DD7A82454AE4C00E48084 /* CBKImageViewerVC.swift in Sources */ = {isa = PBXBuildFile; fileRef = 926DD7A72454AE4C00E48084 /* CBKImageViewerVC.swift */; };
		926DD7B02454AF3D00E48084 /* CBKImageViewer.swift in Sources */ = {isa = PBXBuildFile; fileRef = 926DD7AE2454AEF200E48084 /* CBKImageViewer.swift */; };
		9277C23B24560BEF00ED5BDF /* PhotoCarrousel.swift in Sources */ = {isa = PBXBuildFile; fileRef = 9277C23A24560BEF00ED5BDF /* PhotoCarrousel.swift */; };
		9277C23D24560C2000ED5BDF /* PhotoCarrousel.xib in Resources */ = {isa = PBXBuildFile; fileRef = 9277C23C24560C2000ED5BDF /* PhotoCarrousel.xib */; };
		9285E7F2246A7ED20031865A /* CarrouselSectionBoxView1.swift in Sources */ = {isa = PBXBuildFile; fileRef = 9285E7F1246A7ED20031865A /* CarrouselSectionBoxView1.swift */; };
		9285E7F4246A7EFE0031865A /* CarrouselSectionBoxView1.xib in Resources */ = {isa = PBXBuildFile; fileRef = 9285E7F3246A7EFE0031865A /* CarrouselSectionBoxView1.xib */; };
		9285E7F6246A7F0B0031865A /* CarrouselSectionBoxView4.xib in Resources */ = {isa = PBXBuildFile; fileRef = 9285E7F5246A7F0A0031865A /* CarrouselSectionBoxView4.xib */; };
		9285E7FA246A7F1D0031865A /* CarrouselSectionBoxView3.xib in Resources */ = {isa = PBXBuildFile; fileRef = 9285E7F9246A7F1D0031865A /* CarrouselSectionBoxView3.xib */; };
		9285E7FC246A7F240031865A /* CarrouselSectionBoxView2.xib in Resources */ = {isa = PBXBuildFile; fileRef = 9285E7FB246A7F240031865A /* CarrouselSectionBoxView2.xib */; };
		9285E7FE246A7F2C0031865A /* CarrouselSectionBoxView2.swift in Sources */ = {isa = PBXBuildFile; fileRef = 9285E7FD246A7F2C0031865A /* CarrouselSectionBoxView2.swift */; };
		9285E800246A7F390031865A /* CarrouselSectionBoxView3.swift in Sources */ = {isa = PBXBuildFile; fileRef = 9285E7FF246A7F390031865A /* CarrouselSectionBoxView3.swift */; };
		9285E802246A7F420031865A /* CarrouselSectionBoxView4.swift in Sources */ = {isa = PBXBuildFile; fileRef = 9285E801246A7F410031865A /* CarrouselSectionBoxView4.swift */; };
		92AF9B042426864500AA5CE4 /* AppDelegate.swift in Sources */ = {isa = PBXBuildFile; fileRef = 92AF9B032426864500AA5CE4 /* AppDelegate.swift */; };
		92AF9B062426864500AA5CE4 /* SceneDelegate.swift in Sources */ = {isa = PBXBuildFile; fileRef = 92AF9B052426864500AA5CE4 /* SceneDelegate.swift */; };
		92AF9B082426864500AA5CE4 /* ViewController.swift in Sources */ = {isa = PBXBuildFile; fileRef = 92AF9B072426864500AA5CE4 /* ViewController.swift */; };
		92AF9B0B2426864500AA5CE4 /* Main.storyboard in Resources */ = {isa = PBXBuildFile; fileRef = 92AF9B092426864500AA5CE4 /* Main.storyboard */; };
		92AF9B0D2426864600AA5CE4 /* Assets.xcassets in Resources */ = {isa = PBXBuildFile; fileRef = 92AF9B0C2426864600AA5CE4 /* Assets.xcassets */; };
		92AF9B102426864600AA5CE4 /* LaunchScreen.storyboard in Resources */ = {isa = PBXBuildFile; fileRef = 92AF9B0E2426864600AA5CE4 /* LaunchScreen.storyboard */; };
		92AF9B1A2426895E00AA5CE4 /* CustomGeneralCell.swift in Sources */ = {isa = PBXBuildFile; fileRef = 92AF9B192426895E00AA5CE4 /* CustomGeneralCell.swift */; };
		92AF9B1C2426896600AA5CE4 /* CustomGeneralCell.xib in Resources */ = {isa = PBXBuildFile; fileRef = 92AF9B1B2426896600AA5CE4 /* CustomGeneralCell.xib */; };
		92AF9B2724276C5500AA5CE4 /* SeparatorGeneralCell.swift in Sources */ = {isa = PBXBuildFile; fileRef = 92AF9B2624276C5500AA5CE4 /* SeparatorGeneralCell.swift */; };
		92AF9B2B24276C9900AA5CE4 /* SeparatorGeneralCell.xib in Resources */ = {isa = PBXBuildFile; fileRef = 92AF9B2A24276C9900AA5CE4 /* SeparatorGeneralCell.xib */; };
		92AF9B2D24276D9300AA5CE4 /* SeparatorGeneralCellModel.swift in Sources */ = {isa = PBXBuildFile; fileRef = 92AF9B2C24276D9300AA5CE4 /* SeparatorGeneralCellModel.swift */; };
		92AF9B2F24276DA600AA5CE4 /* SeparatorGeneralCellDrawer.swift in Sources */ = {isa = PBXBuildFile; fileRef = 92AF9B2E24276DA600AA5CE4 /* SeparatorGeneralCellDrawer.swift */; };
		92AF9B3124276DB500AA5CE4 /* CustomGeneralCellModel.swift in Sources */ = {isa = PBXBuildFile; fileRef = 92AF9B3024276DB500AA5CE4 /* CustomGeneralCellModel.swift */; };
		92AF9B3324276DC500AA5CE4 /* CustomGeneralCellDrawer.swift in Sources */ = {isa = PBXBuildFile; fileRef = 92AF9B3224276DC500AA5CE4 /* CustomGeneralCellDrawer.swift */; };
		92AF9B3524276F2500AA5CE4 /* DrawerProtocol.swift in Sources */ = {isa = PBXBuildFile; fileRef = 92AF9B3424276F2500AA5CE4 /* DrawerProtocol.swift */; };
		92AF9B3724276F4E00AA5CE4 /* CellDrawerProtocol.swift in Sources */ = {isa = PBXBuildFile; fileRef = 92AF9B3624276F4E00AA5CE4 /* CellDrawerProtocol.swift */; };
		92AF9B3C24277F6C00AA5CE4 /* FullScreenContainer.swift in Sources */ = {isa = PBXBuildFile; fileRef = 92AF9B3B24277F6C00AA5CE4 /* FullScreenContainer.swift */; };
		92CA1EC4247AEFA0002927EE /* WhereIsMyMoneyVC.swift in Sources */ = {isa = PBXBuildFile; fileRef = 92CA1EC3247AEFA0002927EE /* WhereIsMyMoneyVC.swift */; };
		92CA1EC7247AF022002927EE /* WhereIsMyMoney.storyboard in Resources */ = {isa = PBXBuildFile; fileRef = 92CA1EC6247AF022002927EE /* WhereIsMyMoney.storyboard */; };
		92CA1EC9247AF127002927EE /* WhereIsMyMoneyMainVC.swift in Sources */ = {isa = PBXBuildFile; fileRef = 92CA1EC8247AF127002927EE /* WhereIsMyMoneyMainVC.swift */; };
		92DF8D2A246B11D100479BA2 /* CarrouselSectionBoxFlowlayout.swift in Sources */ = {isa = PBXBuildFile; fileRef = 92DF8D29246B11D100479BA2 /* CarrouselSectionBoxFlowlayout.swift */; };
/* End PBXBuildFile section */

/* Begin PBXFileReference section */
		92061F76244F03E8005F10CA /* PhotosMiniaturaCell.swift */ = {isa = PBXFileReference; lastKnownFileType = sourcecode.swift; path = PhotosMiniaturaCell.swift; sourceTree = "<group>"; };
		92061F78244F0419005F10CA /* PhotosMiniaturaCell.xib */ = {isa = PBXFileReference; lastKnownFileType = file.xib; path = PhotosMiniaturaCell.xib; sourceTree = "<group>"; };
		923CC14A2469F66800537C6D /* CarrouselSectionBoxVC.swift */ = {isa = PBXFileReference; lastKnownFileType = sourcecode.swift; path = CarrouselSectionBoxVC.swift; sourceTree = "<group>"; };
		923CC14D2469F79000537C6D /* CarrouselSectionBoxComponent.swift */ = {isa = PBXFileReference; lastKnownFileType = sourcecode.swift; path = CarrouselSectionBoxComponent.swift; sourceTree = "<group>"; };
		923CC14F2469F84E00537C6D /* CarrouselSectionBoxComponent.xib */ = {isa = PBXFileReference; lastKnownFileType = file.xib; path = CarrouselSectionBoxComponent.xib; sourceTree = "<group>"; };
		923CC1552469FA4800537C6D /* CarrouselSectionBoxCollectionViewCell.swift */ = {isa = PBXFileReference; lastKnownFileType = sourcecode.swift; path = CarrouselSectionBoxCollectionViewCell.swift; sourceTree = "<group>"; };
		923CC1592469FAFC00537C6D /* CarrouselSectionBoxCollectionViewCell.xib */ = {isa = PBXFileReference; lastKnownFileType = file.xib; path = CarrouselSectionBoxCollectionViewCell.xib; sourceTree = "<group>"; };
		92687AB9247D199A003E0F6E /* MapKitVC.swift */ = {isa = PBXFileReference; lastKnownFileType = sourcecode.swift; path = MapKitVC.swift; sourceTree = "<group>"; };
		92687ABC247D1A57003E0F6E /* MapKit.framework */ = {isa = PBXFileReference; lastKnownFileType = wrapper.framework; name = MapKit.framework; path = System/Library/Frameworks/MapKit.framework; sourceTree = SDKROOT; };
		9269B309245588F8000737C1 /* CBKImageViewer.xib */ = {isa = PBXFileReference; fileEncoding = 4; lastKnownFileType = file.xib; path = CBKImageViewer.xib; sourceTree = "<group>"; };
		9269B30E24558E67000737C1 /* FullScreenViewController.swift */ = {isa = PBXFileReference; lastKnownFileType = sourcecode.swift; path = FullScreenViewController.swift; sourceTree = "<group>"; };
		9269B31124559273000737C1 /* PagesController.swift */ = {isa = PBXFileReference; lastKnownFileType = sourcecode.swift; path = PagesController.swift; sourceTree = "<group>"; };
		9269B3132455927C000737C1 /* PagesController.xib */ = {isa = PBXFileReference; lastKnownFileType = file.xib; path = PagesController.xib; sourceTree = "<group>"; };
		9269B31B2455A51A000737C1 /* ZoomController.swift */ = {isa = PBXFileReference; lastKnownFileType = sourcecode.swift; path = ZoomController.swift; sourceTree = "<group>"; };
		9269B31D2455DEC4000737C1 /* ImageViewerExternalVC.swift */ = {isa = PBXFileReference; lastKnownFileType = sourcecode.swift; path = ImageViewerExternalVC.swift; sourceTree = "<group>"; };
		9269B31F2455DF0C000737C1 /* ImageViewerComponent.swift */ = {isa = PBXFileReference; lastKnownFileType = sourcecode.swift; path = ImageViewerComponent.swift; sourceTree = "<group>"; };
		9269B3212455E1A9000737C1 /* ImageViewerComponent.xib */ = {isa = PBXFileReference; lastKnownFileType = file.xib; path = ImageViewerComponent.xib; sourceTree = "<group>"; };
		926DD7A72454AE4C00E48084 /* CBKImageViewerVC.swift */ = {isa = PBXFileReference; lastKnownFileType = sourcecode.swift; path = CBKImageViewerVC.swift; sourceTree = "<group>"; };
		926DD7AE2454AEF200E48084 /* CBKImageViewer.swift */ = {isa = PBXFileReference; lastKnownFileType = sourcecode.swift; path = CBKImageViewer.swift; sourceTree = "<group>"; };
		9277C23A24560BEF00ED5BDF /* PhotoCarrousel.swift */ = {isa = PBXFileReference; lastKnownFileType = sourcecode.swift; path = PhotoCarrousel.swift; sourceTree = "<group>"; };
		9277C23C24560C2000ED5BDF /* PhotoCarrousel.xib */ = {isa = PBXFileReference; lastKnownFileType = file.xib; path = PhotoCarrousel.xib; sourceTree = "<group>"; };
		9285E7F1246A7ED20031865A /* CarrouselSectionBoxView1.swift */ = {isa = PBXFileReference; lastKnownFileType = sourcecode.swift; path = CarrouselSectionBoxView1.swift; sourceTree = "<group>"; };
		9285E7F3246A7EFE0031865A /* CarrouselSectionBoxView1.xib */ = {isa = PBXFileReference; lastKnownFileType = file.xib; path = CarrouselSectionBoxView1.xib; sourceTree = "<group>"; };
		9285E7F5246A7F0A0031865A /* CarrouselSectionBoxView4.xib */ = {isa = PBXFileReference; lastKnownFileType = file.xib; path = CarrouselSectionBoxView4.xib; sourceTree = "<group>"; };
		9285E7F9246A7F1D0031865A /* CarrouselSectionBoxView3.xib */ = {isa = PBXFileReference; lastKnownFileType = file.xib; path = CarrouselSectionBoxView3.xib; sourceTree = "<group>"; };
		9285E7FB246A7F240031865A /* CarrouselSectionBoxView2.xib */ = {isa = PBXFileReference; lastKnownFileType = file.xib; path = CarrouselSectionBoxView2.xib; sourceTree = "<group>"; };
		9285E7FD246A7F2C0031865A /* CarrouselSectionBoxView2.swift */ = {isa = PBXFileReference; lastKnownFileType = sourcecode.swift; path = CarrouselSectionBoxView2.swift; sourceTree = "<group>"; };
		9285E7FF246A7F390031865A /* CarrouselSectionBoxView3.swift */ = {isa = PBXFileReference; lastKnownFileType = sourcecode.swift; path = CarrouselSectionBoxView3.swift; sourceTree = "<group>"; };
		9285E801246A7F410031865A /* CarrouselSectionBoxView4.swift */ = {isa = PBXFileReference; lastKnownFileType = sourcecode.swift; path = CarrouselSectionBoxView4.swift; sourceTree = "<group>"; };
		92AF9B002426864500AA5CE4 /* AFProjects.app */ = {isa = PBXFileReference; explicitFileType = wrapper.application; includeInIndex = 0; path = AFProjects.app; sourceTree = BUILT_PRODUCTS_DIR; };
		92AF9B032426864500AA5CE4 /* AppDelegate.swift */ = {isa = PBXFileReference; lastKnownFileType = sourcecode.swift; path = AppDelegate.swift; sourceTree = "<group>"; };
		92AF9B052426864500AA5CE4 /* SceneDelegate.swift */ = {isa = PBXFileReference; lastKnownFileType = sourcecode.swift; path = SceneDelegate.swift; sourceTree = "<group>"; };
		92AF9B072426864500AA5CE4 /* ViewController.swift */ = {isa = PBXFileReference; lastKnownFileType = sourcecode.swift; path = ViewController.swift; sourceTree = "<group>"; };
		92AF9B0A2426864500AA5CE4 /* Base */ = {isa = PBXFileReference; lastKnownFileType = file.storyboard; name = Base; path = Base.lproj/Main.storyboard; sourceTree = "<group>"; };
		92AF9B0C2426864600AA5CE4 /* Assets.xcassets */ = {isa = PBXFileReference; lastKnownFileType = folder.assetcatalog; path = Assets.xcassets; sourceTree = "<group>"; };
		92AF9B0F2426864600AA5CE4 /* Base */ = {isa = PBXFileReference; lastKnownFileType = file.storyboard; name = Base; path = Base.lproj/LaunchScreen.storyboard; sourceTree = "<group>"; };
		92AF9B112426864600AA5CE4 /* Info.plist */ = {isa = PBXFileReference; lastKnownFileType = text.plist.xml; path = Info.plist; sourceTree = "<group>"; };
		92AF9B192426895E00AA5CE4 /* CustomGeneralCell.swift */ = {isa = PBXFileReference; lastKnownFileType = sourcecode.swift; path = CustomGeneralCell.swift; sourceTree = "<group>"; };
		92AF9B1B2426896600AA5CE4 /* CustomGeneralCell.xib */ = {isa = PBXFileReference; lastKnownFileType = file.xib; path = CustomGeneralCell.xib; sourceTree = "<group>"; };
		92AF9B2624276C5500AA5CE4 /* SeparatorGeneralCell.swift */ = {isa = PBXFileReference; lastKnownFileType = sourcecode.swift; path = SeparatorGeneralCell.swift; sourceTree = "<group>"; };
		92AF9B2A24276C9900AA5CE4 /* SeparatorGeneralCell.xib */ = {isa = PBXFileReference; lastKnownFileType = file.xib; path = SeparatorGeneralCell.xib; sourceTree = "<group>"; };
		92AF9B2C24276D9300AA5CE4 /* SeparatorGeneralCellModel.swift */ = {isa = PBXFileReference; lastKnownFileType = sourcecode.swift; path = SeparatorGeneralCellModel.swift; sourceTree = "<group>"; };
		92AF9B2E24276DA600AA5CE4 /* SeparatorGeneralCellDrawer.swift */ = {isa = PBXFileReference; lastKnownFileType = sourcecode.swift; path = SeparatorGeneralCellDrawer.swift; sourceTree = "<group>"; };
		92AF9B3024276DB500AA5CE4 /* CustomGeneralCellModel.swift */ = {isa = PBXFileReference; lastKnownFileType = sourcecode.swift; path = CustomGeneralCellModel.swift; sourceTree = "<group>"; };
		92AF9B3224276DC500AA5CE4 /* CustomGeneralCellDrawer.swift */ = {isa = PBXFileReference; lastKnownFileType = sourcecode.swift; path = CustomGeneralCellDrawer.swift; sourceTree = "<group>"; };
		92AF9B3424276F2500AA5CE4 /* DrawerProtocol.swift */ = {isa = PBXFileReference; lastKnownFileType = sourcecode.swift; path = DrawerProtocol.swift; sourceTree = "<group>"; };
		92AF9B3624276F4E00AA5CE4 /* CellDrawerProtocol.swift */ = {isa = PBXFileReference; lastKnownFileType = sourcecode.swift; path = CellDrawerProtocol.swift; sourceTree = "<group>"; };
		92AF9B3B24277F6C00AA5CE4 /* FullScreenContainer.swift */ = {isa = PBXFileReference; lastKnownFileType = sourcecode.swift; path = FullScreenContainer.swift; sourceTree = "<group>"; };
		92CA1EC3247AEFA0002927EE /* WhereIsMyMoneyVC.swift */ = {isa = PBXFileReference; lastKnownFileType = sourcecode.swift; path = WhereIsMyMoneyVC.swift; sourceTree = "<group>"; };
		92CA1EC6247AF022002927EE /* WhereIsMyMoney.storyboard */ = {isa = PBXFileReference; lastKnownFileType = file.storyboard; path = WhereIsMyMoney.storyboard; sourceTree = "<group>"; };
		92CA1EC8247AF127002927EE /* WhereIsMyMoneyMainVC.swift */ = {isa = PBXFileReference; lastKnownFileType = sourcecode.swift; path = WhereIsMyMoneyMainVC.swift; sourceTree = "<group>"; };
		92DF8D29246B11D100479BA2 /* CarrouselSectionBoxFlowlayout.swift */ = {isa = PBXFileReference; lastKnownFileType = sourcecode.swift; path = CarrouselSectionBoxFlowlayout.swift; sourceTree = "<group>"; };
/* End PBXFileReference section */

/* Begin PBXFrameworksBuildPhase section */
		92AF9AFD2426864500AA5CE4 /* Frameworks */ = {
			isa = PBXFrameworksBuildPhase;
			buildActionMask = 2147483647;
			files = (
				92250A9B247D2D6B005BFF51 /* MapKit.framework in Frameworks */,
			);
			runOnlyForDeploymentPostprocessing = 0;
		};
/* End PBXFrameworksBuildPhase section */

/* Begin PBXGroup section */
		92061F6F244E3DC9005F10CA /* 01 - CBKImageViewer */ = {
			isa = PBXGroup;
			children = (
				926DD7AC2454AED700E48084 /* MiniCells */,
				926DD7A72454AE4C00E48084 /* CBKImageViewerVC.swift */,
				926DD7AE2454AEF200E48084 /* CBKImageViewer.swift */,
				9269B309245588F8000737C1 /* CBKImageViewer.xib */,
			);
			path = "01 - CBKImageViewer";
			sourceTree = "<group>";
		};
		923CC1492469F64300537C6D /* 02 - CarrouselSectionBox */ = {
			isa = PBXGroup;
			children = (
				923CC14C2469F76D00537C6D /* CarrouselSectionBoxComponent */,
				923CC14A2469F66800537C6D /* CarrouselSectionBoxVC.swift */,
				9285E7EB246A7E910031865A /* Views */,
			);
			path = "02 - CarrouselSectionBox";
			sourceTree = "<group>";
		};
		923CC14C2469F76D00537C6D /* CarrouselSectionBoxComponent */ = {
			isa = PBXGroup;
			children = (
				923CC1512469F9E200537C6D /* CarrouselSectionBox */,
			);
			path = CarrouselSectionBoxComponent;
			sourceTree = "<group>";
		};
		923CC1512469F9E200537C6D /* CarrouselSectionBox */ = {
			isa = PBXGroup;
			children = (
				923CC1532469FA0A00537C6D /* CarrouselSectionBoxCollectionView */,
				923CC1522469F9FE00537C6D /* CarrouselSectionBoxComponent */,
			);
			path = CarrouselSectionBox;
			sourceTree = "<group>";
		};
		923CC1522469F9FE00537C6D /* CarrouselSectionBoxComponent */ = {
			isa = PBXGroup;
			children = (
				923CC14D2469F79000537C6D /* CarrouselSectionBoxComponent.swift */,
				923CC14F2469F84E00537C6D /* CarrouselSectionBoxComponent.xib */,
			);
			path = CarrouselSectionBoxComponent;
			sourceTree = "<group>";
		};
		923CC1532469FA0A00537C6D /* CarrouselSectionBoxCollectionView */ = {
			isa = PBXGroup;
			children = (
				92DF8D28246B11AC00479BA2 /* CarrouselSectionBoxFlowlayout */,
				923CC1542469FA2800537C6D /* CarrouselSectionBoxCollectionViewCell */,
			);
			path = CarrouselSectionBoxCollectionView;
			sourceTree = "<group>";
		};
		923CC1542469FA2800537C6D /* CarrouselSectionBoxCollectionViewCell */ = {
			isa = PBXGroup;
			children = (
				923CC1552469FA4800537C6D /* CarrouselSectionBoxCollectionViewCell.swift */,
				923CC1592469FAFC00537C6D /* CarrouselSectionBoxCollectionViewCell.xib */,
			);
			path = CarrouselSectionBoxCollectionViewCell;
			sourceTree = "<group>";
		};
		92687AB8247D197B003E0F6E /* 05 - Mapkit */ = {
			isa = PBXGroup;
			children = (
				92687AB9247D199A003E0F6E /* MapKitVC.swift */,
			);
			path = "05 - Mapkit";
			sourceTree = "<group>";
		};
		92687ABB247D1A57003E0F6E /* Frameworks */ = {
			isa = PBXGroup;
			children = (
				92687ABC247D1A57003E0F6E /* MapKit.framework */,
			);
			name = Frameworks;
			sourceTree = "<group>";
		};
		9269B30B2455892B000737C1 /* 03 - UIPageVC */ = {
			isa = PBXGroup;
			children = (
				9277C23924560BDA00ED5BDF /* PhotoCarrousel */,
				9269B3242455F523000737C1 /* FullScreen */,
				9269B3232455F508000737C1 /* ImageViewerComponent */,
				9269B31A2455A4DD000737C1 /* ZoomController */,
				9269B31024559263000737C1 /* PagesController */,
				9269B31D2455DEC4000737C1 /* ImageViewerExternalVC.swift */,
			);
			path = "03 - UIPageVC";
			sourceTree = "<group>";
		};
		9269B31024559263000737C1 /* PagesController */ = {
			isa = PBXGroup;
			children = (
				9269B31124559273000737C1 /* PagesController.swift */,
				9269B3132455927C000737C1 /* PagesController.xib */,
			);
			path = PagesController;
			sourceTree = "<group>";
		};
		9269B31A2455A4DD000737C1 /* ZoomController */ = {
			isa = PBXGroup;
			children = (
				9269B31B2455A51A000737C1 /* ZoomController.swift */,
			);
			path = ZoomController;
			sourceTree = "<group>";
		};
		9269B3232455F508000737C1 /* ImageViewerComponent */ = {
			isa = PBXGroup;
			children = (
				9269B31F2455DF0C000737C1 /* ImageViewerComponent.swift */,
				9269B3212455E1A9000737C1 /* ImageViewerComponent.xib */,
			);
			path = ImageViewerComponent;
			sourceTree = "<group>";
		};
		9269B3242455F523000737C1 /* FullScreen */ = {
			isa = PBXGroup;
			children = (
				92AF9B3B24277F6C00AA5CE4 /* FullScreenContainer.swift */,
				9269B30E24558E67000737C1 /* FullScreenViewController.swift */,
			);
			path = FullScreen;
			sourceTree = "<group>";
		};
		926DD7AC2454AED700E48084 /* MiniCells */ = {
			isa = PBXGroup;
			children = (
				92061F76244F03E8005F10CA /* PhotosMiniaturaCell.swift */,
				92061F78244F0419005F10CA /* PhotosMiniaturaCell.xib */,
			);
			path = MiniCells;
			sourceTree = "<group>";
		};
		9277C23924560BDA00ED5BDF /* PhotoCarrousel */ = {
			isa = PBXGroup;
			children = (
				9277C23A24560BEF00ED5BDF /* PhotoCarrousel.swift */,
				9277C23C24560C2000ED5BDF /* PhotoCarrousel.xib */,
			);
			path = PhotoCarrousel;
			sourceTree = "<group>";
		};
		9285E7EB246A7E910031865A /* Views */ = {
			isa = PBXGroup;
			children = (
				9285E7EC246A7EA50031865A /* View1 */,
				9285E7ED246A7EAB0031865A /* View2 */,
				9285E7F0246A7EB80031865A /* View3 */,
				9285E7EE246A7EB00031865A /* View4 */,
			);
			path = Views;
			sourceTree = "<group>";
		};
		9285E7EC246A7EA50031865A /* View1 */ = {
			isa = PBXGroup;
			children = (
				9285E7F1246A7ED20031865A /* CarrouselSectionBoxView1.swift */,
				9285E7F3246A7EFE0031865A /* CarrouselSectionBoxView1.xib */,
			);
			path = View1;
			sourceTree = "<group>";
		};
		9285E7ED246A7EAB0031865A /* View2 */ = {
			isa = PBXGroup;
			children = (
				9285E7FD246A7F2C0031865A /* CarrouselSectionBoxView2.swift */,
				9285E7FB246A7F240031865A /* CarrouselSectionBoxView2.xib */,
			);
			path = View2;
			sourceTree = "<group>";
		};
		9285E7EE246A7EB00031865A /* View4 */ = {
			isa = PBXGroup;
			children = (
				9285E801246A7F410031865A /* CarrouselSectionBoxView4.swift */,
				9285E7F5246A7F0A0031865A /* CarrouselSectionBoxView4.xib */,
			);
			path = View4;
			sourceTree = "<group>";
		};
		9285E7F0246A7EB80031865A /* View3 */ = {
			isa = PBXGroup;
			children = (
				9285E7FF246A7F390031865A /* CarrouselSectionBoxView3.swift */,
				9285E7F9246A7F1D0031865A /* CarrouselSectionBoxView3.xib */,
			);
			path = View3;
			sourceTree = "<group>";
		};
		92AF9AF72426864500AA5CE4 = {
			isa = PBXGroup;
			children = (
				92AF9B022426864500AA5CE4 /* AFProjects */,
				92AF9B012426864500AA5CE4 /* Products */,
				92687ABB247D1A57003E0F6E /* Frameworks */,
			);
			sourceTree = "<group>";
		};
		92AF9B012426864500AA5CE4 /* Products */ = {
			isa = PBXGroup;
			children = (
				92AF9B002426864500AA5CE4 /* AFProjects.app */,
			);
			name = Products;
			sourceTree = "<group>";
		};
		92AF9B022426864500AA5CE4 /* AFProjects */ = {
			isa = PBXGroup;
			children = (
				92AF9B1E242768F100AA5CE4 /* General */,
				92AF9B1D242768E200AA5CE4 /* Projects */,
				92AF9B092426864500AA5CE4 /* Main.storyboard */,
				92AF9B202427691A00AA5CE4 /* Others */,
				92AF9B112426864600AA5CE4 /* Info.plist */,
			);
			path = AFProjects;
			sourceTree = "<group>";
		};
		92AF9B1D242768E200AA5CE4 /* Projects */ = {
			isa = PBXGroup;
			children = (
				92061F6F244E3DC9005F10CA /* 01 - CBKImageViewer */,
				923CC1492469F64300537C6D /* 02 - CarrouselSectionBox */,
				9269B30B2455892B000737C1 /* 03 - UIPageVC */,
				92CA1EC2247AEF4E002927EE /* 04 - WhereIsMyMoney */,
				92687AB8247D197B003E0F6E /* 05 - Mapkit */,
			);
			path = Projects;
			sourceTree = "<group>";
		};
		92AF9B1E242768F100AA5CE4 /* General */ = {
			isa = PBXGroup;
			children = (
				92AF9B072426864500AA5CE4 /* ViewController.swift */,
				92AF9B1F242768FC00AA5CE4 /* Cells */,
				92AF9B3824276F8E00AA5CE4 /* Protocols */,
			);
			path = General;
			sourceTree = "<group>";
		};
		92AF9B1F242768FC00AA5CE4 /* Cells */ = {
			isa = PBXGroup;
			children = (
				92AF9B2424276C1C00AA5CE4 /* CustomGeneralCell */,
				92AF9B2524276C2800AA5CE4 /* SeparatorGeneralCell */,
			);
			path = Cells;
			sourceTree = "<group>";
		};
		92AF9B202427691A00AA5CE4 /* Others */ = {
			isa = PBXGroup;
			children = (
				92AF9B0E2426864600AA5CE4 /* LaunchScreen.storyboard */,
				92AF9B0C2426864600AA5CE4 /* Assets.xcassets */,
				92AF9B032426864500AA5CE4 /* AppDelegate.swift */,
				92AF9B052426864500AA5CE4 /* SceneDelegate.swift */,
			);
			path = Others;
			sourceTree = "<group>";
		};
		92AF9B2424276C1C00AA5CE4 /* CustomGeneralCell */ = {
			isa = PBXGroup;
			children = (
				92AF9B192426895E00AA5CE4 /* CustomGeneralCell.swift */,
				92AF9B1B2426896600AA5CE4 /* CustomGeneralCell.xib */,
				92AF9B3024276DB500AA5CE4 /* CustomGeneralCellModel.swift */,
				92AF9B3224276DC500AA5CE4 /* CustomGeneralCellDrawer.swift */,
			);
			path = CustomGeneralCell;
			sourceTree = "<group>";
		};
		92AF9B2524276C2800AA5CE4 /* SeparatorGeneralCell */ = {
			isa = PBXGroup;
			children = (
				92AF9B2624276C5500AA5CE4 /* SeparatorGeneralCell.swift */,
				92AF9B2A24276C9900AA5CE4 /* SeparatorGeneralCell.xib */,
				92AF9B2C24276D9300AA5CE4 /* SeparatorGeneralCellModel.swift */,
				92AF9B2E24276DA600AA5CE4 /* SeparatorGeneralCellDrawer.swift */,
			);
			path = SeparatorGeneralCell;
			sourceTree = "<group>";
		};
		92AF9B3824276F8E00AA5CE4 /* Protocols */ = {
			isa = PBXGroup;
			children = (
				92AF9B3624276F4E00AA5CE4 /* CellDrawerProtocol.swift */,
				92AF9B3424276F2500AA5CE4 /* DrawerProtocol.swift */,
			);
			path = Protocols;
			sourceTree = "<group>";
		};
		92CA1EC2247AEF4E002927EE /* 04 - WhereIsMyMoney */ = {
			isa = PBXGroup;
			children = (
				92CA1EC5247AF008002927EE /* WhereIsMyMoneyProject */,
				92CA1EC3247AEFA0002927EE /* WhereIsMyMoneyVC.swift */,
			);
			path = "04 - WhereIsMyMoney";
			sourceTree = "<group>";
		};
		92CA1EC5247AF008002927EE /* WhereIsMyMoneyProject */ = {
			isa = PBXGroup;
			children = (
				92CA1ECA247AF139002927EE /* Controllers */,
				92CA1EC6247AF022002927EE /* WhereIsMyMoney.storyboard */,
			);
			path = WhereIsMyMoneyProject;
			sourceTree = "<group>";
		};
		92CA1ECA247AF139002927EE /* Controllers */ = {
			isa = PBXGroup;
			children = (
				92CA1EC8247AF127002927EE /* WhereIsMyMoneyMainVC.swift */,
			);
			path = Controllers;
			sourceTree = "<group>";
		};
		92DF8D28246B11AC00479BA2 /* CarrouselSectionBoxFlowlayout */ = {
			isa = PBXGroup;
			children = (
				92DF8D29246B11D100479BA2 /* CarrouselSectionBoxFlowlayout.swift */,
			);
			path = CarrouselSectionBoxFlowlayout;
			sourceTree = "<group>";
		};
/* End PBXGroup section */

/* Begin PBXNativeTarget section */
		92AF9AFF2426864500AA5CE4 /* AFProjects */ = {
			isa = PBXNativeTarget;
			buildConfigurationList = 92AF9B142426864600AA5CE4 /* Build configuration list for PBXNativeTarget "AFProjects" */;
			buildPhases = (
				92AF9AFC2426864500AA5CE4 /* Sources */,
				92AF9AFD2426864500AA5CE4 /* Frameworks */,
				92AF9AFE2426864500AA5CE4 /* Resources */,
			);
			buildRules = (
			);
			dependencies = (
			);
			name = AFProjects;
			productName = AFProjects;
			productReference = 92AF9B002426864500AA5CE4 /* AFProjects.app */;
			productType = "com.apple.product-type.application";
		};
/* End PBXNativeTarget section */

/* Begin PBXProject section */
		92AF9AF82426864500AA5CE4 /* Project object */ = {
			isa = PBXProject;
			attributes = {
				LastSwiftUpdateCheck = 1130;
				LastUpgradeCheck = 1130;
				ORGANIZATIONNAME = "Álvaro Ferrández Gómez";
				TargetAttributes = {
					92AF9AFF2426864500AA5CE4 = {
						CreatedOnToolsVersion = 11.3.1;
					};
				};
			};
			buildConfigurationList = 92AF9AFB2426864500AA5CE4 /* Build configuration list for PBXProject "AFProjects" */;
			compatibilityVersion = "Xcode 9.3";
			developmentRegion = en;
			hasScannedForEncodings = 0;
			knownRegions = (
				en,
				Base,
			);
			mainGroup = 92AF9AF72426864500AA5CE4;
			productRefGroup = 92AF9B012426864500AA5CE4 /* Products */;
			projectDirPath = "";
			projectRoot = "";
			targets = (
				92AF9AFF2426864500AA5CE4 /* AFProjects */,
			);
		};
/* End PBXProject section */

/* Begin PBXResourcesBuildPhase section */
		92AF9AFE2426864500AA5CE4 /* Resources */ = {
			isa = PBXResourcesBuildPhase;
			buildActionMask = 2147483647;
			files = (
				9269B3142455927C000737C1 /* PagesController.xib in Resources */,
				9277C23D24560C2000ED5BDF /* PhotoCarrousel.xib in Resources */,
				9269B30A245588F8000737C1 /* CBKImageViewer.xib in Resources */,
				923CC1502469F84E00537C6D /* CarrouselSectionBoxComponent.xib in Resources */,
				92AF9B102426864600AA5CE4 /* LaunchScreen.storyboard in Resources */,
				92061F79244F0419005F10CA /* PhotosMiniaturaCell.xib in Resources */,
				92AF9B0D2426864600AA5CE4 /* Assets.xcassets in Resources */,
				92AF9B2B24276C9900AA5CE4 /* SeparatorGeneralCell.xib in Resources */,
				92CA1EC7247AF022002927EE /* WhereIsMyMoney.storyboard in Resources */,
				9285E7FA246A7F1D0031865A /* CarrouselSectionBoxView3.xib in Resources */,
				9285E7F6246A7F0B0031865A /* CarrouselSectionBoxView4.xib in Resources */,
				92AF9B0B2426864500AA5CE4 /* Main.storyboard in Resources */,
				9285E7FC246A7F240031865A /* CarrouselSectionBoxView2.xib in Resources */,
				92AF9B1C2426896600AA5CE4 /* CustomGeneralCell.xib in Resources */,
				9269B3222455E1A9000737C1 /* ImageViewerComponent.xib in Resources */,
				923CC15A2469FAFC00537C6D /* CarrouselSectionBoxCollectionViewCell.xib in Resources */,
				9285E7F4246A7EFE0031865A /* CarrouselSectionBoxView1.xib in Resources */,
			);
			runOnlyForDeploymentPostprocessing = 0;
		};
/* End PBXResourcesBuildPhase section */

/* Begin PBXSourcesBuildPhase section */
		92AF9AFC2426864500AA5CE4 /* Sources */ = {
			isa = PBXSourcesBuildPhase;
			buildActionMask = 2147483647;
			files = (
				92AF9B2724276C5500AA5CE4 /* SeparatorGeneralCell.swift in Sources */,
				923CC14B2469F66800537C6D /* CarrouselSectionBoxVC.swift in Sources */,
				92AF9B1A2426895E00AA5CE4 /* CustomGeneralCell.swift in Sources */,
				9285E7FE246A7F2C0031865A /* CarrouselSectionBoxView2.swift in Sources */,
				923CC1562469FA4800537C6D /* CarrouselSectionBoxCollectionViewCell.swift in Sources */,
				923CC14E2469F79000537C6D /* CarrouselSectionBoxComponent.swift in Sources */,
				92AF9B2D24276D9300AA5CE4 /* SeparatorGeneralCellModel.swift in Sources */,
				9285E802246A7F420031865A /* CarrouselSectionBoxView4.swift in Sources */,
				92687ABA247D199A003E0F6E /* MapKitVC.swift in Sources */,
				92AF9B3524276F2500AA5CE4 /* DrawerProtocol.swift in Sources */,
				926DD7A82454AE4C00E48084 /* CBKImageViewerVC.swift in Sources */,
				9277C23B24560BEF00ED5BDF /* PhotoCarrousel.swift in Sources */,
				9269B30F24558E67000737C1 /* FullScreenViewController.swift in Sources */,
				92AF9B082426864500AA5CE4 /* ViewController.swift in Sources */,
				92AF9B3324276DC500AA5CE4 /* CustomGeneralCellDrawer.swift in Sources */,
				92AF9B3724276F4E00AA5CE4 /* CellDrawerProtocol.swift in Sources */,
				9269B3202455DF0C000737C1 /* ImageViewerComponent.swift in Sources */,
				9269B31C2455A51A000737C1 /* ZoomController.swift in Sources */,
				92061F77244F03E8005F10CA /* PhotosMiniaturaCell.swift in Sources */,
				92AF9B3124276DB500AA5CE4 /* CustomGeneralCellModel.swift in Sources */,
				9269B31E2455DEC4000737C1 /* ImageViewerExternalVC.swift in Sources */,
				92AF9B3C24277F6C00AA5CE4 /* FullScreenContainer.swift in Sources */,
				92DF8D2A246B11D100479BA2 /* CarrouselSectionBoxFlowlayout.swift in Sources */,
				92AF9B042426864500AA5CE4 /* AppDelegate.swift in Sources */,
				9269B31224559273000737C1 /* PagesController.swift in Sources */,
				926DD7B02454AF3D00E48084 /* CBKImageViewer.swift in Sources */,
				92CA1EC9247AF127002927EE /* WhereIsMyMoneyMainVC.swift in Sources */,
				92AF9B2F24276DA600AA5CE4 /* SeparatorGeneralCellDrawer.swift in Sources */,
				9285E800246A7F390031865A /* CarrouselSectionBoxView3.swift in Sources */,
				92AF9B062426864500AA5CE4 /* SceneDelegate.swift in Sources */,
				9285E7F2246A7ED20031865A /* CarrouselSectionBoxView1.swift in Sources */,
				92CA1EC4247AEFA0002927EE /* WhereIsMyMoneyVC.swift in Sources */,
			);
			runOnlyForDeploymentPostprocessing = 0;
		};
/* End PBXSourcesBuildPhase section */

/* Begin PBXVariantGroup section */
		92AF9B092426864500AA5CE4 /* Main.storyboard */ = {
			isa = PBXVariantGroup;
			children = (
				92AF9B0A2426864500AA5CE4 /* Base */,
			);
			name = Main.storyboard;
			sourceTree = "<group>";
		};
		92AF9B0E2426864600AA5CE4 /* LaunchScreen.storyboard */ = {
			isa = PBXVariantGroup;
			children = (
				92AF9B0F2426864600AA5CE4 /* Base */,
			);
			name = LaunchScreen.storyboard;
			sourceTree = "<group>";
		};
/* End PBXVariantGroup section */

/* Begin XCBuildConfiguration section */
		92AF9B122426864600AA5CE4 /* Debug */ = {
			isa = XCBuildConfiguration;
			buildSettings = {
				ALWAYS_SEARCH_USER_PATHS = NO;
				CLANG_ANALYZER_NONNULL = YES;
				CLANG_ANALYZER_NUMBER_OBJECT_CONVERSION = YES_AGGRESSIVE;
				CLANG_CXX_LANGUAGE_STANDARD = "gnu++14";
				CLANG_CXX_LIBRARY = "libc++";
				CLANG_ENABLE_MODULES = YES;
				CLANG_ENABLE_OBJC_ARC = YES;
				CLANG_ENABLE_OBJC_WEAK = YES;
				CLANG_WARN_BLOCK_CAPTURE_AUTORELEASING = YES;
				CLANG_WARN_BOOL_CONVERSION = YES;
				CLANG_WARN_COMMA = YES;
				CLANG_WARN_CONSTANT_CONVERSION = YES;
				CLANG_WARN_DEPRECATED_OBJC_IMPLEMENTATIONS = YES;
				CLANG_WARN_DIRECT_OBJC_ISA_USAGE = YES_ERROR;
				CLANG_WARN_DOCUMENTATION_COMMENTS = YES;
				CLANG_WARN_EMPTY_BODY = YES;
				CLANG_WARN_ENUM_CONVERSION = YES;
				CLANG_WARN_INFINITE_RECURSION = YES;
				CLANG_WARN_INT_CONVERSION = YES;
				CLANG_WARN_NON_LITERAL_NULL_CONVERSION = YES;
				CLANG_WARN_OBJC_IMPLICIT_RETAIN_SELF = YES;
				CLANG_WARN_OBJC_LITERAL_CONVERSION = YES;
				CLANG_WARN_OBJC_ROOT_CLASS = YES_ERROR;
				CLANG_WARN_RANGE_LOOP_ANALYSIS = YES;
				CLANG_WARN_STRICT_PROTOTYPES = YES;
				CLANG_WARN_SUSPICIOUS_MOVE = YES;
				CLANG_WARN_UNGUARDED_AVAILABILITY = YES_AGGRESSIVE;
				CLANG_WARN_UNREACHABLE_CODE = YES;
				CLANG_WARN__DUPLICATE_METHOD_MATCH = YES;
				COPY_PHASE_STRIP = NO;
				DEBUG_INFORMATION_FORMAT = dwarf;
				ENABLE_STRICT_OBJC_MSGSEND = YES;
				ENABLE_TESTABILITY = YES;
				GCC_C_LANGUAGE_STANDARD = gnu11;
				GCC_DYNAMIC_NO_PIC = NO;
				GCC_NO_COMMON_BLOCKS = YES;
				GCC_OPTIMIZATION_LEVEL = 0;
				GCC_PREPROCESSOR_DEFINITIONS = (
					"DEBUG=1",
					"$(inherited)",
				);
				GCC_WARN_64_TO_32_BIT_CONVERSION = YES;
				GCC_WARN_ABOUT_RETURN_TYPE = YES_ERROR;
				GCC_WARN_UNDECLARED_SELECTOR = YES;
				GCC_WARN_UNINITIALIZED_AUTOS = YES_AGGRESSIVE;
				GCC_WARN_UNUSED_FUNCTION = YES;
				GCC_WARN_UNUSED_VARIABLE = YES;
				"INFOPLIST_FILE[sdk=*]" = "";
				IPHONEOS_DEPLOYMENT_TARGET = 13.5;
				MTL_ENABLE_DEBUG_INFO = INCLUDE_SOURCE;
				MTL_FAST_MATH = YES;
				ONLY_ACTIVE_ARCH = YES;
				SDKROOT = iphoneos;
				SWIFT_ACTIVE_COMPILATION_CONDITIONS = DEBUG;
				SWIFT_OPTIMIZATION_LEVEL = "-Onone";
			};
			name = Debug;
		};
		92AF9B132426864600AA5CE4 /* Release */ = {
			isa = XCBuildConfiguration;
			buildSettings = {
				ALWAYS_SEARCH_USER_PATHS = NO;
				CLANG_ANALYZER_NONNULL = YES;
				CLANG_ANALYZER_NUMBER_OBJECT_CONVERSION = YES_AGGRESSIVE;
				CLANG_CXX_LANGUAGE_STANDARD = "gnu++14";
				CLANG_CXX_LIBRARY = "libc++";
				CLANG_ENABLE_MODULES = YES;
				CLANG_ENABLE_OBJC_ARC = YES;
				CLANG_ENABLE_OBJC_WEAK = YES;
				CLANG_WARN_BLOCK_CAPTURE_AUTORELEASING = YES;
				CLANG_WARN_BOOL_CONVERSION = YES;
				CLANG_WARN_COMMA = YES;
				CLANG_WARN_CONSTANT_CONVERSION = YES;
				CLANG_WARN_DEPRECATED_OBJC_IMPLEMENTATIONS = YES;
				CLANG_WARN_DIRECT_OBJC_ISA_USAGE = YES_ERROR;
				CLANG_WARN_DOCUMENTATION_COMMENTS = YES;
				CLANG_WARN_EMPTY_BODY = YES;
				CLANG_WARN_ENUM_CONVERSION = YES;
				CLANG_WARN_INFINITE_RECURSION = YES;
				CLANG_WARN_INT_CONVERSION = YES;
				CLANG_WARN_NON_LITERAL_NULL_CONVERSION = YES;
				CLANG_WARN_OBJC_IMPLICIT_RETAIN_SELF = YES;
				CLANG_WARN_OBJC_LITERAL_CONVERSION = YES;
				CLANG_WARN_OBJC_ROOT_CLASS = YES_ERROR;
				CLANG_WARN_RANGE_LOOP_ANALYSIS = YES;
				CLANG_WARN_STRICT_PROTOTYPES = YES;
				CLANG_WARN_SUSPICIOUS_MOVE = YES;
				CLANG_WARN_UNGUARDED_AVAILABILITY = YES_AGGRESSIVE;
				CLANG_WARN_UNREACHABLE_CODE = YES;
				CLANG_WARN__DUPLICATE_METHOD_MATCH = YES;
				COPY_PHASE_STRIP = NO;
				DEBUG_INFORMATION_FORMAT = "dwarf-with-dsym";
				ENABLE_NS_ASSERTIONS = NO;
				ENABLE_STRICT_OBJC_MSGSEND = YES;
				GCC_C_LANGUAGE_STANDARD = gnu11;
				GCC_NO_COMMON_BLOCKS = YES;
				GCC_WARN_64_TO_32_BIT_CONVERSION = YES;
				GCC_WARN_ABOUT_RETURN_TYPE = YES_ERROR;
				GCC_WARN_UNDECLARED_SELECTOR = YES;
				GCC_WARN_UNINITIALIZED_AUTOS = YES_AGGRESSIVE;
				GCC_WARN_UNUSED_FUNCTION = YES;
				GCC_WARN_UNUSED_VARIABLE = YES;
				IPHONEOS_DEPLOYMENT_TARGET = 13.5;
				MTL_ENABLE_DEBUG_INFO = NO;
				MTL_FAST_MATH = YES;
				SDKROOT = iphoneos;
				SWIFT_COMPILATION_MODE = wholemodule;
				SWIFT_OPTIMIZATION_LEVEL = "-O";
				VALIDATE_PRODUCT = YES;
			};
			name = Release;
		};
		92AF9B152426864600AA5CE4 /* Debug */ = {
			isa = XCBuildConfiguration;
			buildSettings = {
				ASSETCATALOG_COMPILER_APPICON_NAME = AppIcon;
				CODE_SIGN_STYLE = Automatic;
				DEVELOPMENT_TEAM = VQ5Y8L9458;
				INFOPLIST_FILE = AFProjects/Info.plist;
				IPHONEOS_DEPLOYMENT_TARGET = 13.5;
				LD_RUNPATH_SEARCH_PATHS = (
					"$(inherited)",
					"@executable_path/Frameworks",
				);
				PRODUCT_BUNDLE_IDENTIFIER = AlvaroFerrandez.AFProjects;
				PRODUCT_NAME = "$(TARGET_NAME)";
				SWIFT_VERSION = 5.0;
				TARGETED_DEVICE_FAMILY = 1;
			};
			name = Debug;
		};
		92AF9B162426864600AA5CE4 /* Release */ = {
			isa = XCBuildConfiguration;
			buildSettings = {
				ASSETCATALOG_COMPILER_APPICON_NAME = AppIcon;
				CODE_SIGN_STYLE = Automatic;
				DEVELOPMENT_TEAM = VQ5Y8L9458;
				INFOPLIST_FILE = AFProjects/Info.plist;
				IPHONEOS_DEPLOYMENT_TARGET = 13.5;
				LD_RUNPATH_SEARCH_PATHS = (
					"$(inherited)",
					"@executable_path/Frameworks",
				);
				PRODUCT_BUNDLE_IDENTIFIER = AlvaroFerrandez.AFProjects;
				PRODUCT_NAME = "$(TARGET_NAME)";
				SWIFT_VERSION = 5.0;
				TARGETED_DEVICE_FAMILY = 1;
			};
			name = Release;
		};
/* End XCBuildConfiguration section */

/* Begin XCConfigurationList section */
		92AF9AFB2426864500AA5CE4 /* Build configuration list for PBXProject "AFProjects" */ = {
			isa = XCConfigurationList;
			buildConfigurations = (
				92AF9B122426864600AA5CE4 /* Debug */,
				92AF9B132426864600AA5CE4 /* Release */,
			);
			defaultConfigurationIsVisible = 0;
			defaultConfigurationName = Release;
		};
		92AF9B142426864600AA5CE4 /* Build configuration list for PBXNativeTarget "AFProjects" */ = {
			isa = XCConfigurationList;
			buildConfigurations = (
				92AF9B152426864600AA5CE4 /* Debug */,
				92AF9B162426864600AA5CE4 /* Release */,
			);
			defaultConfigurationIsVisible = 0;
			defaultConfigurationName = Release;
		};
/* End XCConfigurationList section */
	};
	rootObject = 92AF9AF82426864500AA5CE4 /* Project object */;
}
